
Microsoft Visual Studio Solution File, Format Version 12.00
# Visual Studio Version 16
VisualStudioVersion = 16.0.31729.503
MinimumVisualStudioVersion = 10.0.40219.1
Project("{FAE04EC0-301F-11D3-BF4B-00C04F79EFBC}") = "Technical Interview", "Technical Interview\Technical Interview.csproj", "{CABC38F9-873D-4754-9E78-ADF4135164EF}"
EndProject
Global
	GlobalSection(SolutionConfigurationPlatforms) = preSolution
		Debug|Any CPU = Debug|Any CPU
		Release|Any CPU = Release|Any CPU
	EndGlobalSection
	GlobalSection(ProjectConfigurationPlatforms) = postSolution
		{CABC38F9-873D-4754-9E78-ADF4135164EF}.Debug|Any CPU.ActiveCfg = Debug|Any CPU
		{CABC38F9-873D-4754-9E78-ADF4135164EF}.Debug|Any CPU.Build.0 = Debug|Any CPU
		{CABC38F9-873D-4754-9E78-ADF4135164EF}.Release|Any CPU.ActiveCfg = Release|Any CPU
		{CABC38F9-873D-4754-9E78-ADF4135164EF}.Release|Any CPU.Build.0 = Release|Any CPU
	EndGlobalSection
	GlobalSection(SolutionProperties) = preSolution
		HideSolutionNode = FALSE
	EndGlobalSection
	GlobalSection(ExtensibilityGlobals) = postSolution
		SolutionGuid = {EE2FCC1A-794D-43A4-8369-CE38CA0851B8}
	EndGlobalSection
EndGlobal
